// !$*UTF8*$!
{
	archiveVersion = 1;
	classes = {
	};
	objectVersion = 46;
	objects = {

/* Begin PBXBuildFile section */
		B0D54A771DAB3D5B00CBCDF2 /* AppDelegate.swift in Sources */ = {isa = PBXBuildFile; fileRef = B0D54A761DAB3D5B00CBCDF2 /* AppDelegate.swift */; };
		B0D54A791DAB3D5B00CBCDF2 /* ViewController.swift in Sources */ = {isa = PBXBuildFile; fileRef = B0D54A781DAB3D5B00CBCDF2 /* ViewController.swift */; };
		B0D54A7C1DAB3D5B00CBCDF2 /* Main.storyboard in Resources */ = {isa = PBXBuildFile; fileRef = B0D54A7A1DAB3D5B00CBCDF2 /* Main.storyboard */; };
		B0D54A7E1DAB3D5B00CBCDF2 /* Assets.xcassets in Resources */ = {isa = PBXBuildFile; fileRef = B0D54A7D1DAB3D5B00CBCDF2 /* Assets.xcassets */; };
		B0D54A811DAB3D5B00CBCDF2 /* LaunchScreen.storyboard in Resources */ = {isa = PBXBuildFile; fileRef = B0D54A7F1DAB3D5B00CBCDF2 /* LaunchScreen.storyboard */; };
/* End PBXBuildFile section */

/* Begin PBXFileReference section */
		B0D54A731DAB3D5A00CBCDF2 /* DYTV.app */ = {isa = PBXFileReference; explicitFileType = wrapper.application; includeInIndex = 0; path = DYTV.app; sourceTree = BUILT_PRODUCTS_DIR; };
		B0D54A761DAB3D5B00CBCDF2 /* AppDelegate.swift */ = {isa = PBXFileReference; lastKnownFileType = sourcecode.swift; path = AppDelegate.swift; sourceTree = "<group>"; };
		B0D54A781DAB3D5B00CBCDF2 /* ViewController.swift */ = {isa = PBXFileReference; lastKnownFileType = sourcecode.swift; path = ViewController.swift; sourceTree = "<group>"; };
		B0D54A7B1DAB3D5B00CBCDF2 /* Base */ = {isa = PBXFileReference; lastKnownFileType = file.storyboard; name = Base; path = Base.lproj/Main.storyboard; sourceTree = "<group>"; };
		B0D54A7D1DAB3D5B00CBCDF2 /* Assets.xcassets */ = {isa = PBXFileReference; lastKnownFileType = folder.assetcatalog; path = Assets.xcassets; sourceTree = "<group>"; };
		B0D54A801DAB3D5B00CBCDF2 /* Base */ = {isa = PBXFileReference; lastKnownFileType = file.storyboard; name = Base; path = Base.lproj/LaunchScreen.storyboard; sourceTree = "<group>"; };
		B0D54A821DAB3D5B00CBCDF2 /* Info.plist */ = {isa = PBXFileReference; lastKnownFileType = text.plist.xml; path = Info.plist; sourceTree = "<group>"; };
/* End PBXFileReference section */

/* Begin PBXFrameworksBuildPhase section */
		B0D54A701DAB3D5A00CBCDF2 /* Frameworks */ = {
			isa = PBXFrameworksBuildPhase;
			buildActionMask = 2147483647;
			files = (
			);
			runOnlyForDeploymentPostprocessing = 0;
		};
/* End PBXFrameworksBuildPhase section */

/* Begin PBXGroup section */
		B0D54A6A1DAB3D5A00CBCDF2 = {
			isa = PBXGroup;
			children = (
				B0D54A751DAB3D5B00CBCDF2 /* DYTV */,
				B0D54A741DAB3D5A00CBCDF2 /* Products */,
			);
			sourceTree = "<group>";
		};
		B0D54A741DAB3D5A00CBCDF2 /* Products */ = {
			isa = PBXGroup;
			children = (
				B0D54A731DAB3D5A00CBCDF2 /* DYTV.app */,
			);
			name = Products;
			sourceTree = "<group>";
		};
		B0D54A751DAB3D5B00CBCDF2 /* DYTV */ = {
			isa = PBXGroup;
			children = (
				B0D54A761DAB3D5B00CBCDF2 /* AppDelegate.swift */,
				B0D54A781DAB3D5B00CBCDF2 /* ViewController.swift */,
				B0D54A7A1DAB3D5B00CBCDF2 /* Main.storyboard */,
				B0D54A7D1DAB3D5B00CBCDF2 /* Assets.xcassets */,
				B0D54A7F1DAB3D5B00CBCDF2 /* LaunchScreen.storyboard */,
				B0D54A821DAB3D5B00CBCDF2 /* Info.plist */,
			);
			path = DYTV;
			sourceTree = "<group>";
		};
/* End PBXGroup section */

/* Begin PBXNativeTarget section */
		B0D54A721DAB3D5A00CBCDF2 /* DYTV */ = {
			isa = PBXNativeTarget;
			buildConfigurationList = B0D54A851DAB3D5B00CBCDF2 /* Build configuration list for PBXNativeTarget "DYTV" */;
			buildPhases = (
				B0D54A6F1DAB3D5A00CBCDF2 /* Sources */,
				B0D54A701DAB3D5A00CBCDF2 /* Frameworks */,
				B0D54A711DAB3D5A00CBCDF2 /* Resources */,
			);
			buildRules = (
			);
			dependencies = (
			);
			name = DYTV;
			productName = DYTV;
			productReference = B0D54A731DAB3D5A00CBCDF2 /* DYTV.app */;
			productType = "com.apple.product-type.application";
		};
/* End PBXNativeTarget section */

/* Begin PBXProject section */
		B0D54A6B1DAB3D5A00CBCDF2 /* Project object */ = {
			isa = PBXProject;
			attributes = {
				LastSwiftUpdateCheck = 0800;
				LastUpgradeCheck = 0800;
				ORGANIZATIONNAME = gongsheng;
				TargetAttributes = {
					B0D54A721DAB3D5A00CBCDF2 = {
						CreatedOnToolsVersion = 8.0;
						DevelopmentTeam = 37G28R6NSU;
						ProvisioningStyle = Automatic;
					};
				};
			};
			buildConfigurationList = B0D54A6E1DAB3D5A00CBCDF2 /* Build configuration list for PBXProject "DYTV" */;
			compatibilityVersion = "Xcode 3.2";
			developmentRegion = English;
			hasScannedForEncodings = 0;
			knownRegions = (
				en,
				Base,
			);
			mainGroup = B0D54A6A1DAB3D5A00CBCDF2;
			productRefGroup = B0D54A741DAB3D5A00CBCDF2 /* Products */;
			projectDirPath = "";
			projectRoot = "";
			targets = (
				B0D54A721DAB3D5A00CBCDF2 /* DYTV */,
			);
		};
/* End PBXProject section */

/* Begin PBXResourcesBuildPhase section */
		B0D54A711DAB3D5A00CBCDF2 /* Resources */ = {
			isa = PBXResourcesBuildPhase;
			buildActionMask = 2147483647;
			files = (
				B0D54A811DAB3D5B00CBCDF2 /* LaunchScreen.storyboard in Resources */,
				B0D54A7E1DAB3D5B00CBCDF2 /* Assets.xcassets in Resources */,
				B0D54A7C1DAB3D5B00CBCDF2 /* Main.storyboard in Resources */,
			);
			runOnlyForDeploymentPostprocessing = 0;
		};
/* End PBXResourcesBuildPhase section */

/* Begin PBXSourcesBuildPhase section */
		B0D54A6F1DAB3D5A00CBCDF2 /* Sources */ = {
			isa = PBXSourcesBuildPhase;
			buildActionMask = 2147483647;
			files = (
				B0D54A791DAB3D5B00CBCDF2 /* ViewController.swift in Sources */,
				B0D54A771DAB3D5B00CBCDF2 /* AppDelegate.swift in Sources */,
			);
			runOnlyForDeploymentPostprocessing = 0;
		};
/* End PBXSourcesBuildPhase section */

/* Begin PBXVariantGroup section */
		B0D54A7A1DAB3D5B00CBCDF2 /* Main.storyboard */ = {
			isa = PBXVariantGroup;
			children = (
				B0D54A7B1DAB3D5B00CBCDF2 /* Base */,
			);
			name = Main.storyboard;
			sourceTree = "<group>";
		};
		B0D54A7F1DAB3D5B00CBCDF2 /* LaunchScreen.storyboard */ = {
			isa = PBXVariantGroup;
			children = (
				B0D54A801DAB3D5B00CBCDF2 /* Base */,
			);
			name = LaunchScreen.storyboard;
			sourceTree = "<group>";
		};
/* End PBXVariantGroup section */

/* Begin XCBuildConfiguration section */
		B0D54A831DAB3D5B00CBCDF2 /* Debug */ = {
			isa = XCBuildConfiguration;
			buildSettings = {
				ALWAYS_SEARCH_USER_PATHS = NO;
				CLANG_ANALYZER_NONNULL = YES;
				CLANG_CXX_LANGUAGE_STANDARD = "gnu++0x";
				CLANG_CXX_LIBRARY = "libc++";
				CLANG_ENABLE_MODULES = YES;
				CLANG_ENABLE_OBJC_ARC = YES;
				CLANG_WARN_BOOL_CONVERSION = YES;
				CLANG_WARN_CONSTANT_CONVERSION = YES;
				CLANG_WARN_DIRECT_OBJC_ISA_USAGE = YES_ERROR;
				CLANG_WARN_DOCUMENTATION_COMMENTS = YES;
				CLANG_WARN_EMPTY_BODY = YES;
				CLANG_WARN_ENUM_CONVERSION = YES;
				CLANG_WARN_INFINITE_RECURSION = YES;
				CLANG_WARN_INT_CONVERSION = YES;
				CLANG_WARN_OBJC_ROOT_CLASS = YES_ERROR;
				CLANG_WARN_SUSPICIOUS_MOVES = YES;
				CLANG_WARN_UNREACHABLE_CODE = YES;
				CLANG_WARN__DUPLICATE_METHOD_MATCH = YES;
				"CODE_SIGN_IDENTITY[sdk=iphoneos*]" = "iPhone Developer";
				COPY_PHASE_STRIP = NO;
				DEBUG_INFORMATION_FORMAT = dwarf;
				ENABLE_STRICT_OBJC_MSGSEND = YES;
				ENABLE_TESTABILITY = YES;
				GCC_C_LANGUAGE_STANDARD = gnu99;
				GCC_DYNAMIC_NO_PIC = NO;
				GCC_NO_COMMON_BLOCKS = YES;
				GCC_OPTIMIZATION_LEVEL = 0;
				GCC_PREPROCESSOR_DEFINITIONS = (
					"DEBUG=1",
					"$(inherited)",
				);
				GCC_WARN_64_TO_32_BIT_CONVERSION = YES;
				GCC_WARN_ABOUT_RETURN_TYPE = YES_ERROR;
				GCC_WARN_UNDECLARED_SELECTOR = YES;
				GCC_WARN_UNINITIALIZED_AUTOS = YES_AGGRESSIVE;
				GCC_WARN_UNUSED_FUNCTION = YES;
				GCC_WARN_UNUSED_VARIABLE = YES;
				IPHONEOS_DEPLOYMENT_TARGET = 10.0;
				MTL_ENABLE_DEBUG_INFO = YES;
				ONLY_ACTIVE_ARCH = YES;
				SDKROOT = iphoneos;
				SWIFT_ACTIVE_COMPILATION_CONDITIONS = DEBUG;
				SWIFT_OPTIMIZATION_LEVEL = "-Onone";
				TARGETED_DEVICE_FAMILY = "1,2";
			};
			name = Debug;
		};
		B0D54A841DAB3D5B00CBCDF2 /* Release */ = {
			isa = XCBuildConfiguration;
			buildSettings = {
				ALWAYS_SEARCH_USER_PATHS = NO;
				CLANG_ANALYZER_NONNULL = YES;
				CLANG_CXX_LANGUAGE_STANDARD = "gnu++0x";
				CLANG_CXX_LIBRARY = "libc++";
				CLANG_ENABLE_MODULES = YES;
				CLANG_ENABLE_OBJC_ARC = YES;
				CLANG_WARN_BOOL_CONVERSION = YES;
				CLANG_WARN_CONSTANT_CONVERSION = YES;
				CLANG_WARN_DIRECT_OBJC_ISA_USAGE = YES_ERROR;
				CLANG_WARN_DOCUMENTATION_COMMENTS = YES;
				CLANG_WARN_EMPTY_BODY = YES;
				CLANG_WARN_ENUM_CONVERSION = YES;
				CLANG_WARN_INFINITE_RECURSION = YES;
				CLANG_WARN_INT_CONVERSION = YES;
				CLANG_WARN_OBJC_ROOT_CLASS = YES_ERROR;
				CLANG_WARN_SUSPICIOUS_MOVES = YES;
				CLANG_WARN_UNREACHABLE_CODE = YES;
				CLANG_WARN__DUPLICATE_METHOD_MATCH = YES;
				"CODE_SIGN_IDENTITY[sdk=iphoneos*]" = "iPhone Developer";
				COPY_PHASE_STRIP = NO;
				DEBUG_INFORMATION_FORMAT = "dwarf-with-dsym";
				ENABLE_NS_ASSERTIONS = NO;
				ENABLE_STRICT_OBJC_MSGSEND = YES;
				GCC_C_LANGUAGE_STANDARD = gnu99;
				GCC_NO_COMMON_BLOCKS = YES;
				GCC_WARN_64_TO_32_BIT_CONVERSION = YES;
				GCC_WARN_ABOUT_RETURN_TYPE = YES_ERROR;
				GCC_WARN_UNDECLARED_SELECTOR = YES;
				GCC_WARN_UNINITIALIZED_AUTOS = YES_AGGRESSIVE;
				GCC_WARN_UNUSED_FUNCTION = YES;
				GCC_WARN_UNUSED_VARIABLE = YES;
				IPHONEOS_DEPLOYMENT_TARGET = 10.0;
				MTL_ENABLE_DEBUG_INFO = NO;
				SDKROOT = iphoneos;
				SWIFT_OPTIMIZATION_LEVEL = "-Owholemodule";
				TARGETED_DEVICE_FAMILY = "1,2";
				VALIDATE_PRODUCT = YES;
			};
			name = Release;
		};
		B0D54A861DAB3D5B00CBCDF2 /* Debug */ = {
			isa = XCBuildConfiguration;
			buildSettings = {
				ASSETCATALOG_COMPILER_APPICON_NAME = AppIcon;
				ASSETCATALOG_COMPILER_LAUNCHIMAGE_NAME = LaunchImage;
				"CODE_SIGN_IDENTITY[sdk=iphoneos*]" = "iPhone Developer";
				DEVELOPMENT_TEAM = 37G28R6NSU;
				INFOPLIST_FILE = DYTV/Info.plist;
				LD_RUNPATH_SEARCH_PATHS = "$(inherited) @executable_path/Frameworks";
				PRODUCT_BUNDLE_IDENTIFIER = com.gongsheng;
				PRODUCT_NAME = "$(TARGET_NAME)";
				SWIFT_VERSION = 3.0;
			};
			name = Debug;
		};
		B0D54A871DAB3D5B00CBCDF2 /* Release */ = {
			isa = XCBuildConfiguration;
			buildSettings = {
				ASSETCATALOG_COMPILER_APPICON_NAME = AppIcon;
				ASSETCATALOG_COMPILER_LAUNCHIMAGE_NAME = LaunchImage;
				"CODE_SIGN_IDENTITY[sdk=iphoneos*]" = "iPhone Developer";
				DEVELOPMENT_TEAM = 37G28R6NSU;
				INFOPLIST_FILE = DYTV/Info.plist;
				LD_RUNPATH_SEARCH_PATHS = "$(inherited) @executable_path/Frameworks";
				PRODUCT_BUNDLE_IDENTIFIER = com.gongsheng;
				PRODUCT_NAME = "$(TARGET_NAME)";
				SWIFT_VERSION = 3.0;
			};
			name = Release;
		};
/* End XCBuildConfiguration section */

/* Begin XCConfigurationList section */
		B0D54A6E1DAB3D5A00CBCDF2 /* Build configuration list for PBXProject "DYTV" */ = {
			isa = XCConfigurationList;
			buildConfigurations = (
				B0D54A831DAB3D5B00CBCDF2 /* Debug */,
				B0D54A841DAB3D5B00CBCDF2 /* Release */,
			);
			defaultConfigurationIsVisible = 0;
			defaultConfigurationName = Release;
		};
		B0D54A851DAB3D5B00CBCDF2 /* Build configuration list for PBXNativeTarget "DYTV" */ = {
			isa = XCConfigurationList;
			buildConfigurations = (
				B0D54A861DAB3D5B00CBCDF2 /* Debug */,
				B0D54A871DAB3D5B00CBCDF2 /* Release */,
			);
			defaultConfigurationIsVisible = 0;
			defaultConfigurationName = Release;
		};
/* End XCConfigurationList section */
	};
	rootObject = B0D54A6B1DAB3D5A00CBCDF2 /* Project object */;
}
