// !$*UTF8*$!
{
	archiveVersion = 1;
	classes = {
	};
	objectVersion = 46;
	objects = {

/* Begin PBXBuildFile section */
		3C290BA01DEAD18500B51D54 /* common.swift in Sources */ = {isa = PBXBuildFile; fileRef = 3C290B9F1DEAD18500B51D54 /* common.swift */; };
		3C41C3DA1DD8382E00B2CC7A /* Home.storyboard in Resources */ = {isa = PBXBuildFile; fileRef = 3C41C3D81DD8382E00B2CC7A /* Home.storyboard */; };
		3C41C3DF1DD838CF00B2CC7A /* Follow.storyboard in Resources */ = {isa = PBXBuildFile; fileRef = 3C41C3DD1DD838CF00B2CC7A /* Follow.storyboard */; };
		3C41C3F71DD83DB500B2CC7A /* MainViewController.swift in Sources */ = {isa = PBXBuildFile; fileRef = 3C41C3F61DD83DB500B2CC7A /* MainViewController.swift */; };
		3C41C3FC1DD8482400B2CC7A /* UIBarButtonItem_Extension.swift in Sources */ = {isa = PBXBuildFile; fileRef = 3C41C3FB1DD8482400B2CC7A /* UIBarButtonItem_Extension.swift */; };
		3C41C3FE1DD84CAF00B2CC7A /* HomeViewController.swift in Sources */ = {isa = PBXBuildFile; fileRef = 3C41C3FD1DD84CAF00B2CC7A /* HomeViewController.swift */; };
		3C41C4001DD8627B00B2CC7A /* Live.storyboard in Resources */ = {isa = PBXBuildFile; fileRef = 3C41C3FF1DD8627B00B2CC7A /* Live.storyboard */; };
		3C41C4021DD8628400B2CC7A /* Profile.storyboard in Resources */ = {isa = PBXBuildFile; fileRef = 3C41C4011DD8628400B2CC7A /* Profile.storyboard */; };
		3C5148981DEACA5D00F03E58 /* PageTitleView.swift in Sources */ = {isa = PBXBuildFile; fileRef = 3C5148971DEACA5D00F03E58 /* PageTitleView.swift */; };
		3C534DE01DFC3EDD00B3C717 /* UIColor-Extension.swift in Sources */ = {isa = PBXBuildFile; fileRef = 3C534DDF1DFC3EDD00B3C717 /* UIColor-Extension.swift */; };
		3C5488991DFD0A2F00A0AD71 /* RecommendViewController.swift in Sources */ = {isa = PBXBuildFile; fileRef = 3C5488981DFD0A2F00A0AD71 /* RecommendViewController.swift */; };
		3C54889C1DFD202400A0AD71 /* CollectionHeaderView.swift in Sources */ = {isa = PBXBuildFile; fileRef = 3C54889A1DFD202400A0AD71 /* CollectionHeaderView.swift */; };
		3C54889D1DFD202400A0AD71 /* CollectionHeaderView.xib in Resources */ = {isa = PBXBuildFile; fileRef = 3C54889B1DFD202400A0AD71 /* CollectionHeaderView.xib */; };
		3C5488A01DFD285600A0AD71 /* CollectionNormalCell.swift in Sources */ = {isa = PBXBuildFile; fileRef = 3C54889E1DFD285600A0AD71 /* CollectionNormalCell.swift */; };
		3C5488A11DFD285600A0AD71 /* CollectionNormalCell.xib in Resources */ = {isa = PBXBuildFile; fileRef = 3C54889F1DFD285600A0AD71 /* CollectionNormalCell.xib */; };
		3C5488A41DFD2C4D00A0AD71 /* CollectionPrettyCell.swift in Sources */ = {isa = PBXBuildFile; fileRef = 3C5488A21DFD2C4D00A0AD71 /* CollectionPrettyCell.swift */; };
		3C5488A51DFD2C4D00A0AD71 /* CollectionPrettyCell.xib in Resources */ = {isa = PBXBuildFile; fileRef = 3C5488A31DFD2C4D00A0AD71 /* CollectionPrettyCell.xib */; };
		3C75578F1DEEFCD9008DE785 /* PageContentView.swift in Sources */ = {isa = PBXBuildFile; fileRef = 3C75578E1DEEFCD9008DE785 /* PageContentView.swift */; };
		3C80802A1E05286C001517A3 /* NetworkTools.swift in Sources */ = {isa = PBXBuildFile; fileRef = 3C8080291E05286C001517A3 /* NetworkTools.swift */; };
		3C80802C1E052930001517A3 /* RecommentViewModel.swift in Sources */ = {isa = PBXBuildFile; fileRef = 3C80802B1E052930001517A3 /* RecommentViewModel.swift */; };
		7465E82B00B08B987BB54BBC /* Pods_DYTV.framework in Frameworks */ = {isa = PBXBuildFile; fileRef = 0149EF9040A384C0B1AFBFE7 /* Pods_DYTV.framework */; };
		B0D54A771DAB3D5B00CBCDF2 /* AppDelegate.swift in Sources */ = {isa = PBXBuildFile; fileRef = B0D54A761DAB3D5B00CBCDF2 /* AppDelegate.swift */; };
		B0D54A7C1DAB3D5B00CBCDF2 /* Main.storyboard in Resources */ = {isa = PBXBuildFile; fileRef = B0D54A7A1DAB3D5B00CBCDF2 /* Main.storyboard */; };
		B0D54A7E1DAB3D5B00CBCDF2 /* Assets.xcassets in Resources */ = {isa = PBXBuildFile; fileRef = B0D54A7D1DAB3D5B00CBCDF2 /* Assets.xcassets */; };
		B0D54A811DAB3D5B00CBCDF2 /* LaunchScreen.storyboard in Resources */ = {isa = PBXBuildFile; fileRef = B0D54A7F1DAB3D5B00CBCDF2 /* LaunchScreen.storyboard */; };
/* End PBXBuildFile section */

/* Begin PBXFileReference section */
		0149EF9040A384C0B1AFBFE7 /* Pods_DYTV.framework */ = {isa = PBXFileReference; explicitFileType = wrapper.framework; includeInIndex = 0; path = Pods_DYTV.framework; sourceTree = BUILT_PRODUCTS_DIR; };
		2865AE2FC81FDAD30B0D636E /* Pods-DYTV.debug.xcconfig */ = {isa = PBXFileReference; includeInIndex = 1; lastKnownFileType = text.xcconfig; name = "Pods-DYTV.debug.xcconfig"; path = "Pods/Target Support Files/Pods-DYTV/Pods-DYTV.debug.xcconfig"; sourceTree = "<group>"; };
		2FF3A0D21D2CBEF520CF99B9 /* Pods-DYTV.release.xcconfig */ = {isa = PBXFileReference; includeInIndex = 1; lastKnownFileType = text.xcconfig; name = "Pods-DYTV.release.xcconfig"; path = "Pods/Target Support Files/Pods-DYTV/Pods-DYTV.release.xcconfig"; sourceTree = "<group>"; };
		3C290B9F1DEAD18500B51D54 /* common.swift */ = {isa = PBXFileReference; fileEncoding = 4; lastKnownFileType = sourcecode.swift; path = common.swift; sourceTree = "<group>"; };
		3C41C3D91DD8382E00B2CC7A /* Base */ = {isa = PBXFileReference; lastKnownFileType = file.storyboard; name = Base; path = Base.lproj/Home.storyboard; sourceTree = "<group>"; };
		3C41C3DE1DD838CF00B2CC7A /* Base */ = {isa = PBXFileReference; lastKnownFileType = file.storyboard; name = Base; path = Base.lproj/Follow.storyboard; sourceTree = "<group>"; };
		3C41C3F61DD83DB500B2CC7A /* MainViewController.swift */ = {isa = PBXFileReference; fileEncoding = 4; lastKnownFileType = sourcecode.swift; path = MainViewController.swift; sourceTree = "<group>"; };
		3C41C3FB1DD8482400B2CC7A /* UIBarButtonItem_Extension.swift */ = {isa = PBXFileReference; fileEncoding = 4; lastKnownFileType = sourcecode.swift; path = UIBarButtonItem_Extension.swift; sourceTree = "<group>"; };
		3C41C3FD1DD84CAF00B2CC7A /* HomeViewController.swift */ = {isa = PBXFileReference; fileEncoding = 4; lastKnownFileType = sourcecode.swift; path = HomeViewController.swift; sourceTree = "<group>"; };
		3C41C3FF1DD8627B00B2CC7A /* Live.storyboard */ = {isa = PBXFileReference; fileEncoding = 4; lastKnownFileType = file.storyboard; path = Live.storyboard; sourceTree = "<group>"; };
		3C41C4011DD8628400B2CC7A /* Profile.storyboard */ = {isa = PBXFileReference; fileEncoding = 4; lastKnownFileType = file.storyboard; path = Profile.storyboard; sourceTree = "<group>"; };
		3C5148971DEACA5D00F03E58 /* PageTitleView.swift */ = {isa = PBXFileReference; fileEncoding = 4; lastKnownFileType = sourcecode.swift; path = PageTitleView.swift; sourceTree = "<group>"; };
		3C534DDF1DFC3EDD00B3C717 /* UIColor-Extension.swift */ = {isa = PBXFileReference; fileEncoding = 4; lastKnownFileType = sourcecode.swift; path = "UIColor-Extension.swift"; sourceTree = "<group>"; };
		3C5488981DFD0A2F00A0AD71 /* RecommendViewController.swift */ = {isa = PBXFileReference; fileEncoding = 4; lastKnownFileType = sourcecode.swift; path = RecommendViewController.swift; sourceTree = "<group>"; };
		3C54889A1DFD202400A0AD71 /* CollectionHeaderView.swift */ = {isa = PBXFileReference; fileEncoding = 4; lastKnownFileType = sourcecode.swift; path = CollectionHeaderView.swift; sourceTree = "<group>"; };
		3C54889B1DFD202400A0AD71 /* CollectionHeaderView.xib */ = {isa = PBXFileReference; fileEncoding = 4; lastKnownFileType = file.xib; path = CollectionHeaderView.xib; sourceTree = "<group>"; };
		3C54889E1DFD285600A0AD71 /* CollectionNormalCell.swift */ = {isa = PBXFileReference; fileEncoding = 4; lastKnownFileType = sourcecode.swift; path = CollectionNormalCell.swift; sourceTree = "<group>"; };
		3C54889F1DFD285600A0AD71 /* CollectionNormalCell.xib */ = {isa = PBXFileReference; fileEncoding = 4; lastKnownFileType = file.xib; path = CollectionNormalCell.xib; sourceTree = "<group>"; };
		3C5488A21DFD2C4D00A0AD71 /* CollectionPrettyCell.swift */ = {isa = PBXFileReference; fileEncoding = 4; lastKnownFileType = sourcecode.swift; path = CollectionPrettyCell.swift; sourceTree = "<group>"; };
		3C5488A31DFD2C4D00A0AD71 /* CollectionPrettyCell.xib */ = {isa = PBXFileReference; fileEncoding = 4; lastKnownFileType = file.xib; path = CollectionPrettyCell.xib; sourceTree = "<group>"; };
		3C75578E1DEEFCD9008DE785 /* PageContentView.swift */ = {isa = PBXFileReference; fileEncoding = 4; lastKnownFileType = sourcecode.swift; path = PageContentView.swift; sourceTree = "<group>"; };
		3C8080291E05286C001517A3 /* NetworkTools.swift */ = {isa = PBXFileReference; fileEncoding = 4; lastKnownFileType = sourcecode.swift; path = NetworkTools.swift; sourceTree = "<group>"; };
		3C80802B1E052930001517A3 /* RecommentViewModel.swift */ = {isa = PBXFileReference; fileEncoding = 4; lastKnownFileType = sourcecode.swift; path = RecommentViewModel.swift; sourceTree = "<group>"; };
		B0D54A731DAB3D5A00CBCDF2 /* DYTV.app */ = {isa = PBXFileReference; explicitFileType = wrapper.application; includeInIndex = 0; path = DYTV.app; sourceTree = BUILT_PRODUCTS_DIR; };
		B0D54A761DAB3D5B00CBCDF2 /* AppDelegate.swift */ = {isa = PBXFileReference; lastKnownFileType = sourcecode.swift; path = AppDelegate.swift; sourceTree = "<group>"; };
		B0D54A7B1DAB3D5B00CBCDF2 /* Base */ = {isa = PBXFileReference; lastKnownFileType = file.storyboard; name = Base; path = Base.lproj/Main.storyboard; sourceTree = "<group>"; };
		B0D54A7D1DAB3D5B00CBCDF2 /* Assets.xcassets */ = {isa = PBXFileReference; lastKnownFileType = folder.assetcatalog; path = Assets.xcassets; sourceTree = "<group>"; };
		B0D54A801DAB3D5B00CBCDF2 /* Base */ = {isa = PBXFileReference; lastKnownFileType = file.storyboard; name = Base; path = Base.lproj/LaunchScreen.storyboard; sourceTree = "<group>"; };
		B0D54A821DAB3D5B00CBCDF2 /* Info.plist */ = {isa = PBXFileReference; lastKnownFileType = text.plist.xml; path = Info.plist; sourceTree = "<group>"; };
/* End PBXFileReference section */

/* Begin PBXFrameworksBuildPhase section */
		B0D54A701DAB3D5A00CBCDF2 /* Frameworks */ = {
			isa = PBXFrameworksBuildPhase;
			buildActionMask = 2147483647;
			files = (
				7465E82B00B08B987BB54BBC /* Pods_DYTV.framework in Frameworks */,
			);
			runOnlyForDeploymentPostprocessing = 0;
		};
/* End PBXFrameworksBuildPhase section */

/* Begin PBXGroup section */
		3C15DF9D1DD832FF00501F8E /* Classes */ = {
			isa = PBXGroup;
			children = (
				3C15DFA11DD832FF00501F8E /* Main */,
				3C15DF9F1DD832FF00501F8E /* Home(首页) */,
				3C15DFA01DD832FF00501F8E /* Live(直播) */,
				3C15DF9E1DD832FF00501F8E /* Fllow(关注) */,
				3C15DFA21DD832FF00501F8E /* Profile(我的) */,
				3C15DFA31DD832FF00501F8E /* Tools(工具) */,
			);
			path = Classes;
			sourceTree = "<group>";
		};
		3C15DF9E1DD832FF00501F8E /* Fllow(关注) */ = {
			isa = PBXGroup;
			children = (
				3C41C3E21DD839AD00B2CC7A /* Controllers */,
				3C41C3E31DD839AD00B2CC7A /* Models */,
				3C41C3E41DD839AD00B2CC7A /* View */,
				3C41C3E51DD839AD00B2CC7A /* ViewModel */,
			);
			name = "Fllow(关注)";
			path = Fllow;
			sourceTree = "<group>";
		};
		3C15DF9F1DD832FF00501F8E /* Home(首页) */ = {
			isa = PBXGroup;
			children = (
				3C41C3E61DD839B400B2CC7A /* Controllers */,
				3C41C3E71DD839B400B2CC7A /* Models */,
				3C41C3E81DD839B400B2CC7A /* View */,
				3C41C3E91DD839B400B2CC7A /* ViewModel */,
			);
			name = "Home(首页)";
			path = Home;
			sourceTree = "<group>";
		};
		3C15DFA01DD832FF00501F8E /* Live(直播) */ = {
			isa = PBXGroup;
			children = (
				3C41C3EA1DD839BC00B2CC7A /* Controllers */,
				3C41C3EB1DD839BC00B2CC7A /* Models */,
				3C41C3EC1DD839BC00B2CC7A /* View */,
				3C41C3ED1DD839BC00B2CC7A /* ViewModel */,
			);
			name = "Live(直播)";
			path = Live;
			sourceTree = "<group>";
		};
		3C15DFA11DD832FF00501F8E /* Main */ = {
			isa = PBXGroup;
			children = (
				3C41C3EE1DD839C500B2CC7A /* Controllers */,
				3C41C3EF1DD839C500B2CC7A /* Models */,
				3C41C3F01DD839C500B2CC7A /* View */,
				3C41C3F11DD839C500B2CC7A /* ViewModel */,
			);
			path = Main;
			sourceTree = "<group>";
		};
		3C15DFA21DD832FF00501F8E /* Profile(我的) */ = {
			isa = PBXGroup;
			children = (
				3C41C3F21DD839CD00B2CC7A /* Controllers */,
				3C41C3F31DD839CD00B2CC7A /* Models */,
				3C41C3F41DD839CD00B2CC7A /* View */,
				3C41C3F51DD839CD00B2CC7A /* ViewModel */,
			);
			name = "Profile(我的)";
			path = Profile;
			sourceTree = "<group>";
		};
		3C15DFA31DD832FF00501F8E /* Tools(工具) */ = {
			isa = PBXGroup;
			children = (
				3C8080291E05286C001517A3 /* NetworkTools.swift */,
				3C290B9F1DEAD18500B51D54 /* common.swift */,
				3C41C3F81DD8474D00B2CC7A /* Extension */,
			);
			name = "Tools(工具)";
			path = Tools;
			sourceTree = "<group>";
		};
		3C41C3E21DD839AD00B2CC7A /* Controllers */ = {
			isa = PBXGroup;
			children = (
				3C41C3DD1DD838CF00B2CC7A /* Follow.storyboard */,
			);
			path = Controllers;
			sourceTree = "<group>";
		};
		3C41C3E31DD839AD00B2CC7A /* Models */ = {
			isa = PBXGroup;
			children = (
			);
			path = Models;
			sourceTree = "<group>";
		};
		3C41C3E41DD839AD00B2CC7A /* View */ = {
			isa = PBXGroup;
			children = (
			);
			path = View;
			sourceTree = "<group>";
		};
		3C41C3E51DD839AD00B2CC7A /* ViewModel */ = {
			isa = PBXGroup;
			children = (
			);
			path = ViewModel;
			sourceTree = "<group>";
		};
		3C41C3E61DD839B400B2CC7A /* Controllers */ = {
			isa = PBXGroup;
			children = (
				3C41C3D81DD8382E00B2CC7A /* Home.storyboard */,
				3C41C3FD1DD84CAF00B2CC7A /* HomeViewController.swift */,
				3C5488981DFD0A2F00A0AD71 /* RecommendViewController.swift */,
			);
			path = Controllers;
			sourceTree = "<group>";
		};
		3C41C3E71DD839B400B2CC7A /* Models */ = {
			isa = PBXGroup;
			children = (
			);
			path = Models;
			sourceTree = "<group>";
		};
		3C41C3E81DD839B400B2CC7A /* View */ = {
			isa = PBXGroup;
			children = (
				3C54889A1DFD202400A0AD71 /* CollectionHeaderView.swift */,
				3C54889B1DFD202400A0AD71 /* CollectionHeaderView.xib */,
			);
			path = View;
			sourceTree = "<group>";
		};
		3C41C3E91DD839B400B2CC7A /* ViewModel */ = {
			isa = PBXGroup;
			children = (
				3C80802B1E052930001517A3 /* RecommentViewModel.swift */,
			);
			path = ViewModel;
			sourceTree = "<group>";
		};
		3C41C3EA1DD839BC00B2CC7A /* Controllers */ = {
			isa = PBXGroup;
			children = (
				3C41C3FF1DD8627B00B2CC7A /* Live.storyboard */,
			);
			path = Controllers;
			sourceTree = "<group>";
		};
		3C41C3EB1DD839BC00B2CC7A /* Models */ = {
			isa = PBXGroup;
			children = (
			);
			path = Models;
			sourceTree = "<group>";
		};
		3C41C3EC1DD839BC00B2CC7A /* View */ = {
			isa = PBXGroup;
			children = (
			);
			path = View;
			sourceTree = "<group>";
		};
		3C41C3ED1DD839BC00B2CC7A /* ViewModel */ = {
			isa = PBXGroup;
			children = (
			);
			path = ViewModel;
			sourceTree = "<group>";
		};
		3C41C3EE1DD839C500B2CC7A /* Controllers */ = {
			isa = PBXGroup;
			children = (
				B0D54A7A1DAB3D5B00CBCDF2 /* Main.storyboard */,
				3C41C3F61DD83DB500B2CC7A /* MainViewController.swift */,
			);
			path = Controllers;
			sourceTree = "<group>";
		};
		3C41C3EF1DD839C500B2CC7A /* Models */ = {
			isa = PBXGroup;
			children = (
			);
			path = Models;
			sourceTree = "<group>";
		};
		3C41C3F01DD839C500B2CC7A /* View */ = {
			isa = PBXGroup;
			children = (
				3C5148971DEACA5D00F03E58 /* PageTitleView.swift */,
				3C75578E1DEEFCD9008DE785 /* PageContentView.swift */,
				3C54889E1DFD285600A0AD71 /* CollectionNormalCell.swift */,
				3C54889F1DFD285600A0AD71 /* CollectionNormalCell.xib */,
				3C5488A21DFD2C4D00A0AD71 /* CollectionPrettyCell.swift */,
				3C5488A31DFD2C4D00A0AD71 /* CollectionPrettyCell.xib */,
			);
			path = View;
			sourceTree = "<group>";
		};
		3C41C3F11DD839C500B2CC7A /* ViewModel */ = {
			isa = PBXGroup;
			children = (
			);
			path = ViewModel;
			sourceTree = "<group>";
		};
		3C41C3F21DD839CD00B2CC7A /* Controllers */ = {
			isa = PBXGroup;
			children = (
				3C41C4011DD8628400B2CC7A /* Profile.storyboard */,
			);
			path = Controllers;
			sourceTree = "<group>";
		};
		3C41C3F31DD839CD00B2CC7A /* Models */ = {
			isa = PBXGroup;
			children = (
			);
			path = Models;
			sourceTree = "<group>";
		};
		3C41C3F41DD839CD00B2CC7A /* View */ = {
			isa = PBXGroup;
			children = (
			);
			path = View;
			sourceTree = "<group>";
		};
		3C41C3F51DD839CD00B2CC7A /* ViewModel */ = {
			isa = PBXGroup;
			children = (
			);
			path = ViewModel;
			sourceTree = "<group>";
		};
		3C41C3F81DD8474D00B2CC7A /* Extension */ = {
			isa = PBXGroup;
			children = (
				3C41C3FB1DD8482400B2CC7A /* UIBarButtonItem_Extension.swift */,
				3C534DDF1DFC3EDD00B3C717 /* UIColor-Extension.swift */,
			);
			path = Extension;
			sourceTree = "<group>";
		};
		45B0735A9BA540CB495434BD /* Pods */ = {
			isa = PBXGroup;
			children = (
				2865AE2FC81FDAD30B0D636E /* Pods-DYTV.debug.xcconfig */,
				2FF3A0D21D2CBEF520CF99B9 /* Pods-DYTV.release.xcconfig */,
			);
			name = Pods;
			sourceTree = "<group>";
		};
		4CD9287DF9D8CDB0E66DC447 /* Frameworks */ = {
			isa = PBXGroup;
			children = (
				0149EF9040A384C0B1AFBFE7 /* Pods_DYTV.framework */,
			);
			name = Frameworks;
			sourceTree = "<group>";
		};
		B0D54A6A1DAB3D5A00CBCDF2 = {
			isa = PBXGroup;
			children = (
				B0D54A751DAB3D5B00CBCDF2 /* DYTV */,
				B0D54A741DAB3D5A00CBCDF2 /* Products */,
				45B0735A9BA540CB495434BD /* Pods */,
				4CD9287DF9D8CDB0E66DC447 /* Frameworks */,
			);
			sourceTree = "<group>";
		};
		B0D54A741DAB3D5A00CBCDF2 /* Products */ = {
			isa = PBXGroup;
			children = (
				B0D54A731DAB3D5A00CBCDF2 /* DYTV.app */,
			);
			name = Products;
			sourceTree = "<group>";
		};
		B0D54A751DAB3D5B00CBCDF2 /* DYTV */ = {
			isa = PBXGroup;
			children = (
				3C15DF9D1DD832FF00501F8E /* Classes */,
				B0D54A761DAB3D5B00CBCDF2 /* AppDelegate.swift */,
				B0D54A7D1DAB3D5B00CBCDF2 /* Assets.xcassets */,
				B0D54A7F1DAB3D5B00CBCDF2 /* LaunchScreen.storyboard */,
				B0D54A821DAB3D5B00CBCDF2 /* Info.plist */,
			);
			path = DYTV;
			sourceTree = "<group>";
		};
/* End PBXGroup section */

/* Begin PBXNativeTarget section */
		B0D54A721DAB3D5A00CBCDF2 /* DYTV */ = {
			isa = PBXNativeTarget;
			buildConfigurationList = B0D54A851DAB3D5B00CBCDF2 /* Build configuration list for PBXNativeTarget "DYTV" */;
			buildPhases = (
				EF8E56CD7B3610ADE91B8425 /* [CP] Check Pods Manifest.lock */,
				B0D54A6F1DAB3D5A00CBCDF2 /* Sources */,
				B0D54A701DAB3D5A00CBCDF2 /* Frameworks */,
				B0D54A711DAB3D5A00CBCDF2 /* Resources */,
				71237C3BFFC284545B048782 /* [CP] Embed Pods Frameworks */,
				731E02CC554014447185F288 /* [CP] Copy Pods Resources */,
			);
			buildRules = (
			);
			dependencies = (
			);
			name = DYTV;
			productName = DYTV;
			productReference = B0D54A731DAB3D5A00CBCDF2 /* DYTV.app */;
			productType = "com.apple.product-type.application";
		};
/* End PBXNativeTarget section */

/* Begin PBXProject section */
		B0D54A6B1DAB3D5A00CBCDF2 /* Project object */ = {
			isa = PBXProject;
			attributes = {
				LastSwiftUpdateCheck = 0800;
				LastUpgradeCheck = 0800;
				ORGANIZATIONNAME = gongsheng;
				TargetAttributes = {
					B0D54A721DAB3D5A00CBCDF2 = {
						CreatedOnToolsVersion = 8.0;
						DevelopmentTeam = 37G28R6NSU;
						ProvisioningStyle = Automatic;
					};
				};
			};
			buildConfigurationList = B0D54A6E1DAB3D5A00CBCDF2 /* Build configuration list for PBXProject "DYTV" */;
			compatibilityVersion = "Xcode 3.2";
			developmentRegion = English;
			hasScannedForEncodings = 0;
			knownRegions = (
				en,
				Base,
			);
			mainGroup = B0D54A6A1DAB3D5A00CBCDF2;
			productRefGroup = B0D54A741DAB3D5A00CBCDF2 /* Products */;
			projectDirPath = "";
			projectRoot = "";
			targets = (
				B0D54A721DAB3D5A00CBCDF2 /* DYTV */,
			);
		};
/* End PBXProject section */

/* Begin PBXResourcesBuildPhase section */
		B0D54A711DAB3D5A00CBCDF2 /* Resources */ = {
			isa = PBXResourcesBuildPhase;
			buildActionMask = 2147483647;
			files = (
				B0D54A811DAB3D5B00CBCDF2 /* LaunchScreen.storyboard in Resources */,
				3C54889D1DFD202400A0AD71 /* CollectionHeaderView.xib in Resources */,
				3C5488A11DFD285600A0AD71 /* CollectionNormalCell.xib in Resources */,
				B0D54A7E1DAB3D5B00CBCDF2 /* Assets.xcassets in Resources */,
				3C41C4001DD8627B00B2CC7A /* Live.storyboard in Resources */,
				B0D54A7C1DAB3D5B00CBCDF2 /* Main.storyboard in Resources */,
				3C41C3DA1DD8382E00B2CC7A /* Home.storyboard in Resources */,
				3C5488A51DFD2C4D00A0AD71 /* CollectionPrettyCell.xib in Resources */,
				3C41C4021DD8628400B2CC7A /* Profile.storyboard in Resources */,
				3C41C3DF1DD838CF00B2CC7A /* Follow.storyboard in Resources */,
			);
			runOnlyForDeploymentPostprocessing = 0;
		};
/* End PBXResourcesBuildPhase section */

/* Begin PBXShellScriptBuildPhase section */
		71237C3BFFC284545B048782 /* [CP] Embed Pods Frameworks */ = {
			isa = PBXShellScriptBuildPhase;
			buildActionMask = 2147483647;
			files = (
			);
			inputPaths = (
			);
			name = "[CP] Embed Pods Frameworks";
			outputPaths = (
			);
			runOnlyForDeploymentPostprocessing = 0;
			shellPath = /bin/sh;
			shellScript = "\"${SRCROOT}/Pods/Target Support Files/Pods-DYTV/Pods-DYTV-frameworks.sh\"\n";
			showEnvVarsInLog = 0;
		};
		731E02CC554014447185F288 /* [CP] Copy Pods Resources */ = {
			isa = PBXShellScriptBuildPhase;
			buildActionMask = 2147483647;
			files = (
			);
			inputPaths = (
			);
			name = "[CP] Copy Pods Resources";
			outputPaths = (
			);
			runOnlyForDeploymentPostprocessing = 0;
			shellPath = /bin/sh;
			shellScript = "\"${SRCROOT}/Pods/Target Support Files/Pods-DYTV/Pods-DYTV-resources.sh\"\n";
			showEnvVarsInLog = 0;
		};
		EF8E56CD7B3610ADE91B8425 /* [CP] Check Pods Manifest.lock */ = {
			isa = PBXShellScriptBuildPhase;
			buildActionMask = 2147483647;
			files = (
			);
			inputPaths = (
			);
			name = "[CP] Check Pods Manifest.lock";
			outputPaths = (
			);
			runOnlyForDeploymentPostprocessing = 0;
			shellPath = /bin/sh;
			shellScript = "diff \"${PODS_ROOT}/../Podfile.lock\" \"${PODS_ROOT}/Manifest.lock\" > /dev/null\nif [ $? != 0 ] ; then\n    # print error to STDERR\n    echo \"error: The sandbox is not in sync with the Podfile.lock. Run 'pod install' or update your CocoaPods installation.\" >&2\n    exit 1\nfi\n";
			showEnvVarsInLog = 0;
		};
/* End PBXShellScriptBuildPhase section */

/* Begin PBXSourcesBuildPhase section */
		B0D54A6F1DAB3D5A00CBCDF2 /* Sources */ = {
			isa = PBXSourcesBuildPhase;
			buildActionMask = 2147483647;
			files = (
				B0D54A771DAB3D5B00CBCDF2 /* AppDelegate.swift in Sources */,
				3C54889C1DFD202400A0AD71 /* CollectionHeaderView.swift in Sources */,
				3C534DE01DFC3EDD00B3C717 /* UIColor-Extension.swift in Sources */,
				3C5488991DFD0A2F00A0AD71 /* RecommendViewController.swift in Sources */,
				3C41C3F71DD83DB500B2CC7A /* MainViewController.swift in Sources */,
				3C290BA01DEAD18500B51D54 /* common.swift in Sources */,
				3C75578F1DEEFCD9008DE785 /* PageContentView.swift in Sources */,
				3C5148981DEACA5D00F03E58 /* PageTitleView.swift in Sources */,
				3C41C3FC1DD8482400B2CC7A /* UIBarButtonItem_Extension.swift in Sources */,
				3C5488A41DFD2C4D00A0AD71 /* CollectionPrettyCell.swift in Sources */,
				3C5488A01DFD285600A0AD71 /* CollectionNormalCell.swift in Sources */,
				3C80802A1E05286C001517A3 /* NetworkTools.swift in Sources */,
				3C41C3FE1DD84CAF00B2CC7A /* HomeViewController.swift in Sources */,
				3C80802C1E052930001517A3 /* RecommentViewModel.swift in Sources */,
			);
			runOnlyForDeploymentPostprocessing = 0;
		};
/* End PBXSourcesBuildPhase section */

/* Begin PBXVariantGroup section */
		3C41C3D81DD8382E00B2CC7A /* Home.storyboard */ = {
			isa = PBXVariantGroup;
			children = (
				3C41C3D91DD8382E00B2CC7A /* Base */,
			);
			name = Home.storyboard;
			path = ../../..;
			sourceTree = "<group>";
		};
		3C41C3DD1DD838CF00B2CC7A /* Follow.storyboard */ = {
			isa = PBXVariantGroup;
			children = (
				3C41C3DE1DD838CF00B2CC7A /* Base */,
			);
			name = Follow.storyboard;
			path = ../../..;
			sourceTree = "<group>";
		};
		B0D54A7A1DAB3D5B00CBCDF2 /* Main.storyboard */ = {
			isa = PBXVariantGroup;
			children = (
				B0D54A7B1DAB3D5B00CBCDF2 /* Base */,
			);
			name = Main.storyboard;
			path = ../../..;
			sourceTree = "<group>";
		};
		B0D54A7F1DAB3D5B00CBCDF2 /* LaunchScreen.storyboard */ = {
			isa = PBXVariantGroup;
			children = (
				B0D54A801DAB3D5B00CBCDF2 /* Base */,
			);
			name = LaunchScreen.storyboard;
			sourceTree = "<group>";
		};
/* End PBXVariantGroup section */

/* Begin XCBuildConfiguration section */
		B0D54A831DAB3D5B00CBCDF2 /* Debug */ = {
			isa = XCBuildConfiguration;
			buildSettings = {
				ALWAYS_SEARCH_USER_PATHS = NO;
				CLANG_ANALYZER_NONNULL = YES;
				CLANG_CXX_LANGUAGE_STANDARD = "gnu++0x";
				CLANG_CXX_LIBRARY = "libc++";
				CLANG_ENABLE_MODULES = YES;
				CLANG_ENABLE_OBJC_ARC = YES;
				CLANG_WARN_BOOL_CONVERSION = YES;
				CLANG_WARN_CONSTANT_CONVERSION = YES;
				CLANG_WARN_DIRECT_OBJC_ISA_USAGE = YES_ERROR;
				CLANG_WARN_DOCUMENTATION_COMMENTS = YES;
				CLANG_WARN_EMPTY_BODY = YES;
				CLANG_WARN_ENUM_CONVERSION = YES;
				CLANG_WARN_INFINITE_RECURSION = YES;
				CLANG_WARN_INT_CONVERSION = YES;
				CLANG_WARN_OBJC_ROOT_CLASS = YES_ERROR;
				CLANG_WARN_SUSPICIOUS_MOVES = YES;
				CLANG_WARN_UNREACHABLE_CODE = YES;
				CLANG_WARN__DUPLICATE_METHOD_MATCH = YES;
				"CODE_SIGN_IDENTITY[sdk=iphoneos*]" = "iPhone Developer";
				COPY_PHASE_STRIP = NO;
				DEBUG_INFORMATION_FORMAT = dwarf;
				ENABLE_STRICT_OBJC_MSGSEND = YES;
				ENABLE_TESTABILITY = YES;
				GCC_C_LANGUAGE_STANDARD = gnu99;
				GCC_DYNAMIC_NO_PIC = NO;
				GCC_NO_COMMON_BLOCKS = YES;
				GCC_OPTIMIZATION_LEVEL = 0;
				GCC_PREPROCESSOR_DEFINITIONS = (
					"DEBUG=1",
					"$(inherited)",
				);
				GCC_WARN_64_TO_32_BIT_CONVERSION = YES;
				GCC_WARN_ABOUT_RETURN_TYPE = YES_ERROR;
				GCC_WARN_UNDECLARED_SELECTOR = YES;
				GCC_WARN_UNINITIALIZED_AUTOS = YES_AGGRESSIVE;
				GCC_WARN_UNUSED_FUNCTION = YES;
				GCC_WARN_UNUSED_VARIABLE = YES;
				IPHONEOS_DEPLOYMENT_TARGET = 10.0;
				MTL_ENABLE_DEBUG_INFO = YES;
				ONLY_ACTIVE_ARCH = YES;
				SDKROOT = iphoneos;
				SWIFT_ACTIVE_COMPILATION_CONDITIONS = DEBUG;
				SWIFT_OPTIMIZATION_LEVEL = "-Onone";
				TARGETED_DEVICE_FAMILY = "1,2";
			};
			name = Debug;
		};
		B0D54A841DAB3D5B00CBCDF2 /* Release */ = {
			isa = XCBuildConfiguration;
			buildSettings = {
				ALWAYS_SEARCH_USER_PATHS = NO;
				CLANG_ANALYZER_NONNULL = YES;
				CLANG_CXX_LANGUAGE_STANDARD = "gnu++0x";
				CLANG_CXX_LIBRARY = "libc++";
				CLANG_ENABLE_MODULES = YES;
				CLANG_ENABLE_OBJC_ARC = YES;
				CLANG_WARN_BOOL_CONVERSION = YES;
				CLANG_WARN_CONSTANT_CONVERSION = YES;
				CLANG_WARN_DIRECT_OBJC_ISA_USAGE = YES_ERROR;
				CLANG_WARN_DOCUMENTATION_COMMENTS = YES;
				CLANG_WARN_EMPTY_BODY = YES;
				CLANG_WARN_ENUM_CONVERSION = YES;
				CLANG_WARN_INFINITE_RECURSION = YES;
				CLANG_WARN_INT_CONVERSION = YES;
				CLANG_WARN_OBJC_ROOT_CLASS = YES_ERROR;
				CLANG_WARN_SUSPICIOUS_MOVES = YES;
				CLANG_WARN_UNREACHABLE_CODE = YES;
				CLANG_WARN__DUPLICATE_METHOD_MATCH = YES;
				"CODE_SIGN_IDENTITY[sdk=iphoneos*]" = "iPhone Developer";
				COPY_PHASE_STRIP = NO;
				DEBUG_INFORMATION_FORMAT = "dwarf-with-dsym";
				ENABLE_NS_ASSERTIONS = NO;
				ENABLE_STRICT_OBJC_MSGSEND = YES;
				GCC_C_LANGUAGE_STANDARD = gnu99;
				GCC_NO_COMMON_BLOCKS = YES;
				GCC_WARN_64_TO_32_BIT_CONVERSION = YES;
				GCC_WARN_ABOUT_RETURN_TYPE = YES_ERROR;
				GCC_WARN_UNDECLARED_SELECTOR = YES;
				GCC_WARN_UNINITIALIZED_AUTOS = YES_AGGRESSIVE;
				GCC_WARN_UNUSED_FUNCTION = YES;
				GCC_WARN_UNUSED_VARIABLE = YES;
				IPHONEOS_DEPLOYMENT_TARGET = 10.0;
				MTL_ENABLE_DEBUG_INFO = NO;
				SDKROOT = iphoneos;
				SWIFT_OPTIMIZATION_LEVEL = "-Owholemodule";
				TARGETED_DEVICE_FAMILY = "1,2";
				VALIDATE_PRODUCT = YES;
			};
			name = Release;
		};
		B0D54A861DAB3D5B00CBCDF2 /* Debug */ = {
			isa = XCBuildConfiguration;
			baseConfigurationReference = 2865AE2FC81FDAD30B0D636E /* Pods-DYTV.debug.xcconfig */;
			buildSettings = {
				ASSETCATALOG_COMPILER_APPICON_NAME = AppIcon;
				ASSETCATALOG_COMPILER_LAUNCHIMAGE_NAME = LaunchImage;
				"CODE_SIGN_IDENTITY[sdk=iphoneos*]" = "iPhone Developer";
				DEVELOPMENT_TEAM = 37G28R6NSU;
				INFOPLIST_FILE = DYTV/Info.plist;
				IPHONEOS_DEPLOYMENT_TARGET = 8.0;
				LD_RUNPATH_SEARCH_PATHS = "$(inherited) @executable_path/Frameworks";
				PRODUCT_BUNDLE_IDENTIFIER = com.gongsheng;
				PRODUCT_NAME = "$(TARGET_NAME)";
				SWIFT_VERSION = 3.0;
			};
			name = Debug;
		};
		B0D54A871DAB3D5B00CBCDF2 /* Release */ = {
			isa = XCBuildConfiguration;
			baseConfigurationReference = 2FF3A0D21D2CBEF520CF99B9 /* Pods-DYTV.release.xcconfig */;
			buildSettings = {
				ASSETCATALOG_COMPILER_APPICON_NAME = AppIcon;
				ASSETCATALOG_COMPILER_LAUNCHIMAGE_NAME = LaunchImage;
				"CODE_SIGN_IDENTITY[sdk=iphoneos*]" = "iPhone Developer";
				DEVELOPMENT_TEAM = 37G28R6NSU;
				INFOPLIST_FILE = DYTV/Info.plist;
				IPHONEOS_DEPLOYMENT_TARGET = 8.0;
				LD_RUNPATH_SEARCH_PATHS = "$(inherited) @executable_path/Frameworks";
				PRODUCT_BUNDLE_IDENTIFIER = com.gongsheng;
				PRODUCT_NAME = "$(TARGET_NAME)";
				SWIFT_VERSION = 3.0;
			};
			name = Release;
		};
/* End XCBuildConfiguration section */

/* Begin XCConfigurationList section */
		B0D54A6E1DAB3D5A00CBCDF2 /* Build configuration list for PBXProject "DYTV" */ = {
			isa = XCConfigurationList;
			buildConfigurations = (
				B0D54A831DAB3D5B00CBCDF2 /* Debug */,
				B0D54A841DAB3D5B00CBCDF2 /* Release */,
			);
			defaultConfigurationIsVisible = 0;
			defaultConfigurationName = Release;
		};
		B0D54A851DAB3D5B00CBCDF2 /* Build configuration list for PBXNativeTarget "DYTV" */ = {
			isa = XCConfigurationList;
			buildConfigurations = (
				B0D54A861DAB3D5B00CBCDF2 /* Debug */,
				B0D54A871DAB3D5B00CBCDF2 /* Release */,
			);
			defaultConfigurationIsVisible = 0;
			defaultConfigurationName = Release;
		};
/* End XCConfigurationList section */
	};
	rootObject = B0D54A6B1DAB3D5A00CBCDF2 /* Project object */;
}
